
Microsoft Visual Studio Solution File, Format Version 12.00
# Visual Studio Version 16
VisualStudioVersion = 16.0.30204.135
MinimumVisualStudioVersion = 10.0.40219.1
Project("{FAE04EC0-301F-11D3-BF4B-00C04F79EFBC}") = "Secao11-excepition", "Secao11-excepition\Secao11-excepition.csproj", "{4DDA4F98-A08E-4267-BE16-6EEF6B49E007}"
EndProject
Global
	GlobalSection(SolutionConfigurationPlatforms) = preSolution
		Debug|Any CPU = Debug|Any CPU
		Release|Any CPU = Release|Any CPU
	EndGlobalSection
	GlobalSection(ProjectConfigurationPlatforms) = postSolution
		{4DDA4F98-A08E-4267-BE16-6EEF6B49E007}.Debug|Any CPU.ActiveCfg = Debug|Any CPU
		{4DDA4F98-A08E-4267-BE16-6EEF6B49E007}.Debug|Any CPU.Build.0 = Debug|Any CPU
		{4DDA4F98-A08E-4267-BE16-6EEF6B49E007}.Release|Any CPU.ActiveCfg = Release|Any CPU
		{4DDA4F98-A08E-4267-BE16-6EEF6B49E007}.Release|Any CPU.Build.0 = Release|Any CPU
	EndGlobalSection
	GlobalSection(SolutionProperties) = preSolution
		HideSolutionNode = FALSE
	EndGlobalSection
	GlobalSection(ExtensibilityGlobals) = postSolution
		SolutionGuid = {DF96F2D0-EA32-4EE5-9807-FC841DCE8B06}
	EndGlobalSection
EndGlobal
